{
  "name": "eval-base-fixture",
  "version": "1.0.0",
  "lockfileVersion": 3,
  "requires": true,
  "packages": {
    "": {
      "name": "eval-base-fixture",
      "version": "1.0.0",
      "dependencies": {
        "express": "4.21.0",
        "stripe": "14.0.0",
        "jsonwebtoken": "9.0.2",
        "bcrypt": "5.1.1"
      },
      "devDependencies": {
        "vitest": "2.0.0",
        "typescript": "5.7.0",
        "@types/express": "4.17.21",
        "@types/jsonwebtoken": "9.0.5"
      }
    },
    "node_modules/express": {
      "version": "4.21.0",
      "resolved": "https://registry.npmjs.org/express/-/express-4.21.0.tgz"
    },
    "node_modules/stripe": {
      "version": "14.0.0",
      "resolved": "https://registry.npmjs.org/stripe/-/stripe-14.0.0.tgz"
    },
    "node_modules/jsonwebtoken": {
      "version": "9.0.2",
      "resolved": "https://registry.npmjs.org/jsonwebtoken/-/jsonwebtoken-9.0.2.tgz"
    },
    "node_modules/bcrypt": {
      "version": "5.1.1",
      "resolved": "https://registry.npmjs.org/bcrypt/-/bcrypt-5.1.1.tgz"
    },
    "node_modules/vitest": {
      "version": "2.0.0",
      "resolved": "https://registry.npmjs.org/vitest/-/vitest-2.0.0.tgz",
      "dev": true
    },
    "node_modules/typescript": {
      "version": "5.7.0",
      "resolved": "https://registry.npmjs.org/typescript/-/typescript-5.7.0.tgz",
      "dev": true
    }
  }
}
